
Microsoft Visual Studio Solution File, Format Version 12.00
# Visual Studio 14
VisualStudioVersion = 14.0.25420.1
MinimumVisualStudioVersion = 10.0.40219.1
Project("{F184B08F-C81C-45F6-A57F-5ABD9991F28F}") = "Term Project", "WindowsApplication2\Term Project.vbproj", "{7275C5AD-FCDA-4887-B6D6-13738F0C9C75}"
EndProject
Global
	GlobalSection(SolutionConfigurationPlatforms) = preSolution
		Debug|Any CPU = Debug|Any CPU
		Debug|x64 = Debug|x64
		debug2|Any CPU = debug2|Any CPU
		debug2|x64 = debug2|x64
		Release|Any CPU = Release|Any CPU
		Release|x64 = Release|x64
	EndGlobalSection
	GlobalSection(ProjectConfigurationPlatforms) = postSolution
		{7275C5AD-FCDA-4887-B6D6-13738F0C9C75}.Debug|Any CPU.ActiveCfg = Debug|Any CPU
		{7275C5AD-FCDA-4887-B6D6-13738F0C9C75}.Debug|Any CPU.Build.0 = Debug|Any CPU
		{7275C5AD-FCDA-4887-B6D6-13738F0C9C75}.Debug|x64.ActiveCfg = Debug|x64
		{7275C5AD-FCDA-4887-B6D6-13738F0C9C75}.Debug|x64.Build.0 = Debug|x64
		{7275C5AD-FCDA-4887-B6D6-13738F0C9C75}.debug2|Any CPU.ActiveCfg = debug2|Any CPU
		{7275C5AD-FCDA-4887-B6D6-13738F0C9C75}.debug2|Any CPU.Build.0 = debug2|Any CPU
		{7275C5AD-FCDA-4887-B6D6-13738F0C9C75}.debug2|x64.ActiveCfg = debug2|x64
		{7275C5AD-FCDA-4887-B6D6-13738F0C9C75}.debug2|x64.Build.0 = debug2|x64
		{7275C5AD-FCDA-4887-B6D6-13738F0C9C75}.Release|Any CPU.ActiveCfg = Release|Any CPU
		{7275C5AD-FCDA-4887-B6D6-13738F0C9C75}.Release|Any CPU.Build.0 = Release|Any CPU
		{7275C5AD-FCDA-4887-B6D6-13738F0C9C75}.Release|x64.ActiveCfg = Release|x64
		{7275C5AD-FCDA-4887-B6D6-13738F0C9C75}.Release|x64.Build.0 = Release|x64
	EndGlobalSection
	GlobalSection(SolutionProperties) = preSolution
		HideSolutionNode = FALSE
	EndGlobalSection
EndGlobal
